// !$*UTF8*$!
{
	archiveVersion = 1;
	classes = {
	};
	objectVersion = 56;
	objects = {

/* Begin PBXBuildFile section */
		F270F39E2D0221DE007BBF4B /* CustomTabBar.swift in Sources */ = {isa = PBXBuildFile; fileRef = F270F39D2D0221DE007BBF4B /* CustomTabBar.swift */; };
		F270F3A02D022766007BBF4B /* TabBarPicker.swift in Sources */ = {isa = PBXBuildFile; fileRef = F270F39F2D022766007BBF4B /* TabBarPicker.swift */; };
		F270F3A22D022AF5007BBF4B /* TaskProgress.swift in Sources */ = {isa = PBXBuildFile; fileRef = F270F3A12D022AF5007BBF4B /* TaskProgress.swift */; };
		F270F3A52D044073007BBF4B /* RoomView.swift in Sources */ = {isa = PBXBuildFile; fileRef = F270F3A42D044073007BBF4B /* RoomView.swift */; };
		F270F3A72D045FF9007BBF4B /* SofaView.swift in Sources */ = {isa = PBXBuildFile; fileRef = F270F3A62D045FF9007BBF4B /* SofaView.swift */; };
		F270F3A92D046030007BBF4B /* ControlView.swift in Sources */ = {isa = PBXBuildFile; fileRef = F270F3A82D046030007BBF4B /* ControlView.swift */; };
		F270F3AB2D05C786007BBF4B /* SegmentView.swift in Sources */ = {isa = PBXBuildFile; fileRef = F270F3AA2D05C786007BBF4B /* SegmentView.swift */; };
		F270F3AE2D05EB81007BBF4B /* CarSettingsView.swift in Sources */ = {isa = PBXBuildFile; fileRef = F270F3AD2D05EB80007BBF4B /* CarSettingsView.swift */; };
		F270F3B02D0784CD007BBF4B /* RoundView.swift in Sources */ = {isa = PBXBuildFile; fileRef = F270F3AF2D0784CD007BBF4B /* RoundView.swift */; };
		F270F3B22D078A23007BBF4B /* CarView.swift in Sources */ = {isa = PBXBuildFile; fileRef = F270F3B12D078A23007BBF4B /* CarView.swift */; };
		F2DF50A32D00B59300A23361 /* ButtonView.swift in Sources */ = {isa = PBXBuildFile; fileRef = F2DF50A22D00B59300A23361 /* ButtonView.swift */; };
		F2DF50AF2D021A7100A23361 /* ComponentsView.swift in Sources */ = {isa = PBXBuildFile; fileRef = F2DF50AE2D021A7100A23361 /* ComponentsView.swift */; };
		F2F501192CFB526600492BAA /* ScreensApp.swift in Sources */ = {isa = PBXBuildFile; fileRef = F2F501182CFB526600492BAA /* ScreensApp.swift */; };
		F2F5011B2CFB526600492BAA /* HomeView.swift in Sources */ = {isa = PBXBuildFile; fileRef = F2F5011A2CFB526600492BAA /* HomeView.swift */; };
		F2F5011D2CFB526900492BAA /* Assets.xcassets in Resources */ = {isa = PBXBuildFile; fileRef = F2F5011C2CFB526900492BAA /* Assets.xcassets */; };
		F2F501202CFB526900492BAA /* Preview Assets.xcassets in Resources */ = {isa = PBXBuildFile; fileRef = F2F5011F2CFB526900492BAA /* Preview Assets.xcassets */; };
		F2F501282CFB54B300492BAA /* GuitarView.swift in Sources */ = {isa = PBXBuildFile; fileRef = F2F501272CFB54B300492BAA /* GuitarView.swift */; };
		F2F5012A2CFB54C900492BAA /* WaveView.swift in Sources */ = {isa = PBXBuildFile; fileRef = F2F501292CFB54C900492BAA /* WaveView.swift */; };
		F2F5012C2CFB76D800492BAA /* LogoView.swift in Sources */ = {isa = PBXBuildFile; fileRef = F2F5012B2CFB76D800492BAA /* LogoView.swift */; };
		F2F5012E2CFB99DB00492BAA /* WoodView.swift in Sources */ = {isa = PBXBuildFile; fileRef = F2F5012D2CFB99DB00492BAA /* WoodView.swift */; };
		F2F501302CFBA28100492BAA /* BottomView.swift in Sources */ = {isa = PBXBuildFile; fileRef = F2F5012F2CFBA28100492BAA /* BottomView.swift */; };
		F2F501332CFE439A00492BAA /* MealView.swift in Sources */ = {isa = PBXBuildFile; fileRef = F2F501322CFE439A00492BAA /* MealView.swift */; };
		F2F501372CFF8E5300492BAA /* CustomColors.swift in Sources */ = {isa = PBXBuildFile; fileRef = F2F501362CFF8E5300492BAA /* CustomColors.swift */; };
		F2F501392CFF955200492BAA /* TopView.swift in Sources */ = {isa = PBXBuildFile; fileRef = F2F501382CFF955200492BAA /* TopView.swift */; };
		F2F5013B2CFFA46700492BAA /* QuantityButton.swift in Sources */ = {isa = PBXBuildFile; fileRef = F2F5013A2CFFA46700492BAA /* QuantityButton.swift */; };
/* End PBXBuildFile section */

/* Begin PBXFileReference section */
		F270F39D2D0221DE007BBF4B /* CustomTabBar.swift */ = {isa = PBXFileReference; lastKnownFileType = sourcecode.swift; path = CustomTabBar.swift; sourceTree = "<group>"; };
		F270F39F2D022766007BBF4B /* TabBarPicker.swift */ = {isa = PBXFileReference; lastKnownFileType = sourcecode.swift; path = TabBarPicker.swift; sourceTree = "<group>"; };
		F270F3A12D022AF5007BBF4B /* TaskProgress.swift */ = {isa = PBXFileReference; lastKnownFileType = sourcecode.swift; path = TaskProgress.swift; sourceTree = "<group>"; };
		F270F3A42D044073007BBF4B /* RoomView.swift */ = {isa = PBXFileReference; lastKnownFileType = sourcecode.swift; path = RoomView.swift; sourceTree = "<group>"; };
		F270F3A62D045FF9007BBF4B /* SofaView.swift */ = {isa = PBXFileReference; lastKnownFileType = sourcecode.swift; path = SofaView.swift; sourceTree = "<group>"; };
		F270F3A82D046030007BBF4B /* ControlView.swift */ = {isa = PBXFileReference; lastKnownFileType = sourcecode.swift; path = ControlView.swift; sourceTree = "<group>"; };
		F270F3AA2D05C786007BBF4B /* SegmentView.swift */ = {isa = PBXFileReference; lastKnownFileType = sourcecode.swift; path = SegmentView.swift; sourceTree = "<group>"; };
		F270F3AD2D05EB80007BBF4B /* CarSettingsView.swift */ = {isa = PBXFileReference; lastKnownFileType = sourcecode.swift; path = CarSettingsView.swift; sourceTree = "<group>"; };
		F270F3AF2D0784CD007BBF4B /* RoundView.swift */ = {isa = PBXFileReference; lastKnownFileType = sourcecode.swift; path = RoundView.swift; sourceTree = "<group>"; };
		F270F3B12D078A23007BBF4B /* CarView.swift */ = {isa = PBXFileReference; lastKnownFileType = sourcecode.swift; path = CarView.swift; sourceTree = "<group>"; };
		F2DF50A22D00B59300A23361 /* ButtonView.swift */ = {isa = PBXFileReference; lastKnownFileType = sourcecode.swift; path = ButtonView.swift; sourceTree = "<group>"; };
		F2DF50AE2D021A7100A23361 /* ComponentsView.swift */ = {isa = PBXFileReference; lastKnownFileType = sourcecode.swift; path = ComponentsView.swift; sourceTree = "<group>"; };
		F2F501152CFB526600492BAA /* Screens.app */ = {isa = PBXFileReference; explicitFileType = wrapper.application; includeInIndex = 0; path = Screens.app; sourceTree = BUILT_PRODUCTS_DIR; };
		F2F501182CFB526600492BAA /* ScreensApp.swift */ = {isa = PBXFileReference; lastKnownFileType = sourcecode.swift; path = ScreensApp.swift; sourceTree = "<group>"; };
		F2F5011A2CFB526600492BAA /* HomeView.swift */ = {isa = PBXFileReference; lastKnownFileType = sourcecode.swift; path = HomeView.swift; sourceTree = "<group>"; };
		F2F5011C2CFB526900492BAA /* Assets.xcassets */ = {isa = PBXFileReference; lastKnownFileType = folder.assetcatalog; path = Assets.xcassets; sourceTree = "<group>"; };
		F2F5011F2CFB526900492BAA /* Preview Assets.xcassets */ = {isa = PBXFileReference; lastKnownFileType = folder.assetcatalog; path = "Preview Assets.xcassets"; sourceTree = "<group>"; };
		F2F501272CFB54B300492BAA /* GuitarView.swift */ = {isa = PBXFileReference; lastKnownFileType = sourcecode.swift; path = GuitarView.swift; sourceTree = "<group>"; };
		F2F501292CFB54C900492BAA /* WaveView.swift */ = {isa = PBXFileReference; lastKnownFileType = sourcecode.swift; path = WaveView.swift; sourceTree = "<group>"; };
		F2F5012B2CFB76D800492BAA /* LogoView.swift */ = {isa = PBXFileReference; lastKnownFileType = sourcecode.swift; path = LogoView.swift; sourceTree = "<group>"; };
		F2F5012D2CFB99DB00492BAA /* WoodView.swift */ = {isa = PBXFileReference; lastKnownFileType = sourcecode.swift; path = WoodView.swift; sourceTree = "<group>"; };
		F2F5012F2CFBA28100492BAA /* BottomView.swift */ = {isa = PBXFileReference; lastKnownFileType = sourcecode.swift; path = BottomView.swift; sourceTree = "<group>"; };
		F2F501322CFE439A00492BAA /* MealView.swift */ = {isa = PBXFileReference; lastKnownFileType = sourcecode.swift; path = MealView.swift; sourceTree = "<group>"; };
		F2F501362CFF8E5300492BAA /* CustomColors.swift */ = {isa = PBXFileReference; lastKnownFileType = sourcecode.swift; path = CustomColors.swift; sourceTree = "<group>"; };
		F2F501382CFF955200492BAA /* TopView.swift */ = {isa = PBXFileReference; lastKnownFileType = sourcecode.swift; path = TopView.swift; sourceTree = "<group>"; };
		F2F5013A2CFFA46700492BAA /* QuantityButton.swift */ = {isa = PBXFileReference; lastKnownFileType = sourcecode.swift; path = QuantityButton.swift; sourceTree = "<group>"; };
/* End PBXFileReference section */

/* Begin PBXFrameworksBuildPhase section */
		F2F501122CFB526600492BAA /* Frameworks */ = {
			isa = PBXFrameworksBuildPhase;
			buildActionMask = 2147483647;
			files = (
			);
			runOnlyForDeploymentPostprocessing = 0;
		};
/* End PBXFrameworksBuildPhase section */

/* Begin PBXGroup section */
		F270F3A32D044059007BBF4B /* RoomView */ = {
			isa = PBXGroup;
			children = (
				F270F3A42D044073007BBF4B /* RoomView.swift */,
				F270F3A62D045FF9007BBF4B /* SofaView.swift */,
				F270F3A82D046030007BBF4B /* ControlView.swift */,
				F270F3AA2D05C786007BBF4B /* SegmentView.swift */,
			);
			path = RoomView;
			sourceTree = "<group>";
		};
		F270F3AC2D05EB5E007BBF4B /* CarSettingsView */ = {
			isa = PBXGroup;
			children = (
				F270F3AD2D05EB80007BBF4B /* CarSettingsView.swift */,
				F270F3AF2D0784CD007BBF4B /* RoundView.swift */,
				F270F3B12D078A23007BBF4B /* CarView.swift */,
			);
			path = CarSettingsView;
			sourceTree = "<group>";
		};
		F2DF50AD2D021A5400A23361 /* Components */ = {
			isa = PBXGroup;
			children = (
				F2DF50AE2D021A7100A23361 /* ComponentsView.swift */,
				F270F39D2D0221DE007BBF4B /* CustomTabBar.swift */,
				F270F39F2D022766007BBF4B /* TabBarPicker.swift */,
				F270F3A12D022AF5007BBF4B /* TaskProgress.swift */,
			);
			path = Components;
			sourceTree = "<group>";
		};
		F2F5010C2CFB526600492BAA = {
			isa = PBXGroup;
			children = (
				F2F501172CFB526600492BAA /* Screens */,
				F2F501162CFB526600492BAA /* Products */,
			);
			sourceTree = "<group>";
		};
		F2F501162CFB526600492BAA /* Products */ = {
			isa = PBXGroup;
			children = (
				F2F501152CFB526600492BAA /* Screens.app */,
			);
			name = Products;
			sourceTree = "<group>";
		};
		F2F501172CFB526600492BAA /* Screens */ = {
			isa = PBXGroup;
			children = (
				F2F501182CFB526600492BAA /* ScreensApp.swift */,
				F2F5011A2CFB526600492BAA /* HomeView.swift */,
				F2F501362CFF8E5300492BAA /* CustomColors.swift */,
				F270F3AC2D05EB5E007BBF4B /* CarSettingsView */,
				F270F3A32D044059007BBF4B /* RoomView */,
				F2F501262CFB548900492BAA /* GuitarView */,
				F2F501312CFE437700492BAA /* MealView */,
				F2DF50AD2D021A5400A23361 /* Components */,
				F2F5011C2CFB526900492BAA /* Assets.xcassets */,
				F2F5011E2CFB526900492BAA /* Preview Content */,
			);
			path = Screens;
			sourceTree = "<group>";
		};
		F2F5011E2CFB526900492BAA /* Preview Content */ = {
			isa = PBXGroup;
			children = (
				F2F5011F2CFB526900492BAA /* Preview Assets.xcassets */,
			);
			path = "Preview Content";
			sourceTree = "<group>";
		};
		F2F501262CFB548900492BAA /* GuitarView */ = {
			isa = PBXGroup;
			children = (
				F2F501272CFB54B300492BAA /* GuitarView.swift */,
				F2F501292CFB54C900492BAA /* WaveView.swift */,
				F2F5012B2CFB76D800492BAA /* LogoView.swift */,
				F2F5012D2CFB99DB00492BAA /* WoodView.swift */,
				F2F5012F2CFBA28100492BAA /* BottomView.swift */,
			);
			path = GuitarView;
			sourceTree = "<group>";
		};
		F2F501312CFE437700492BAA /* MealView */ = {
			isa = PBXGroup;
			children = (
				F2F501322CFE439A00492BAA /* MealView.swift */,
				F2F501382CFF955200492BAA /* TopView.swift */,
				F2F5013A2CFFA46700492BAA /* QuantityButton.swift */,
				F2DF50A22D00B59300A23361 /* ButtonView.swift */,
			);
			path = MealView;
			sourceTree = "<group>";
		};
/* End PBXGroup section */

/* Begin PBXNativeTarget section */
		F2F501142CFB526600492BAA /* Screens */ = {
			isa = PBXNativeTarget;
			buildConfigurationList = F2F501232CFB526900492BAA /* Build configuration list for PBXNativeTarget "Screens" */;
			buildPhases = (
				F2F501112CFB526600492BAA /* Sources */,
				F2F501122CFB526600492BAA /* Frameworks */,
				F2F501132CFB526600492BAA /* Resources */,
			);
			buildRules = (
			);
			dependencies = (
			);
			name = Screens;
			productName = Screens;
			productReference = F2F501152CFB526600492BAA /* Screens.app */;
			productType = "com.apple.product-type.application";
		};
/* End PBXNativeTarget section */

/* Begin PBXProject section */
		F2F5010D2CFB526600492BAA /* Project object */ = {
			isa = PBXProject;
			attributes = {
				BuildIndependentTargetsInParallel = 1;
				LastSwiftUpdateCheck = 1520;
				LastUpgradeCheck = 1520;
				TargetAttributes = {
					F2F501142CFB526600492BAA = {
						CreatedOnToolsVersion = 15.2;
					};
				};
			};
			buildConfigurationList = F2F501102CFB526600492BAA /* Build configuration list for PBXProject "Screens" */;
			compatibilityVersion = "Xcode 14.0";
			developmentRegion = en;
			hasScannedForEncodings = 0;
			knownRegions = (
				en,
				Base,
			);
			mainGroup = F2F5010C2CFB526600492BAA;
			productRefGroup = F2F501162CFB526600492BAA /* Products */;
			projectDirPath = "";
			projectRoot = "";
			targets = (
				F2F501142CFB526600492BAA /* Screens */,
			);
		};
/* End PBXProject section */

/* Begin PBXResourcesBuildPhase section */
		F2F501132CFB526600492BAA /* Resources */ = {
			isa = PBXResourcesBuildPhase;
			buildActionMask = 2147483647;
			files = (
				F2F501202CFB526900492BAA /* Preview Assets.xcassets in Resources */,
				F2F5011D2CFB526900492BAA /* Assets.xcassets in Resources */,
			);
			runOnlyForDeploymentPostprocessing = 0;
		};
/* End PBXResourcesBuildPhase section */

/* Begin PBXSourcesBuildPhase section */
		F2F501112CFB526600492BAA /* Sources */ = {
			isa = PBXSourcesBuildPhase;
			buildActionMask = 2147483647;
			files = (
				F2F5013B2CFFA46700492BAA /* QuantityButton.swift in Sources */,
				F270F3B02D0784CD007BBF4B /* RoundView.swift in Sources */,
				F270F3A92D046030007BBF4B /* ControlView.swift in Sources */,
				F2F5012C2CFB76D800492BAA /* LogoView.swift in Sources */,
				F270F3A52D044073007BBF4B /* RoomView.swift in Sources */,
				F270F39E2D0221DE007BBF4B /* CustomTabBar.swift in Sources */,
				F2DF50A32D00B59300A23361 /* ButtonView.swift in Sources */,
				F2F5012E2CFB99DB00492BAA /* WoodView.swift in Sources */,
				F270F3A22D022AF5007BBF4B /* TaskProgress.swift in Sources */,
				F2F5012A2CFB54C900492BAA /* WaveView.swift in Sources */,
				F2F501332CFE439A00492BAA /* MealView.swift in Sources */,
				F2F5011B2CFB526600492BAA /* HomeView.swift in Sources */,
				F2F501302CFBA28100492BAA /* BottomView.swift in Sources */,
				F270F3A72D045FF9007BBF4B /* SofaView.swift in Sources */,
				F2DF50AF2D021A7100A23361 /* ComponentsView.swift in Sources */,
				F2F501392CFF955200492BAA /* TopView.swift in Sources */,
				F2F501192CFB526600492BAA /* ScreensApp.swift in Sources */,
				F2F501372CFF8E5300492BAA /* CustomColors.swift in Sources */,
				F270F3AE2D05EB81007BBF4B /* CarSettingsView.swift in Sources */,
				F2F501282CFB54B300492BAA /* GuitarView.swift in Sources */,
				F270F3AB2D05C786007BBF4B /* SegmentView.swift in Sources */,
				F270F3B22D078A23007BBF4B /* CarView.swift in Sources */,
				F270F3A02D022766007BBF4B /* TabBarPicker.swift in Sources */,
			);
			runOnlyForDeploymentPostprocessing = 0;
		};
/* End PBXSourcesBuildPhase section */

/* Begin XCBuildConfiguration section */
		F2F501212CFB526900492BAA /* Debug */ = {
			isa = XCBuildConfiguration;
			buildSettings = {
				ALWAYS_SEARCH_USER_PATHS = NO;
				ASSETCATALOG_COMPILER_GENERATE_SWIFT_ASSET_SYMBOL_EXTENSIONS = YES;
				CLANG_ANALYZER_NONNULL = YES;
				CLANG_ANALYZER_NUMBER_OBJECT_CONVERSION = YES_AGGRESSIVE;
				CLANG_CXX_LANGUAGE_STANDARD = "gnu++20";
				CLANG_ENABLE_MODULES = YES;
				CLANG_ENABLE_OBJC_ARC = YES;
				CLANG_ENABLE_OBJC_WEAK = YES;
				CLANG_WARN_BLOCK_CAPTURE_AUTORELEASING = YES;
				CLANG_WARN_BOOL_CONVERSION = YES;
				CLANG_WARN_COMMA = YES;
				CLANG_WARN_CONSTANT_CONVERSION = YES;
				CLANG_WARN_DEPRECATED_OBJC_IMPLEMENTATIONS = YES;
				CLANG_WARN_DIRECT_OBJC_ISA_USAGE = YES_ERROR;
				CLANG_WARN_DOCUMENTATION_COMMENTS = YES;
				CLANG_WARN_EMPTY_BODY = YES;
				CLANG_WARN_ENUM_CONVERSION = YES;
				CLANG_WARN_INFINITE_RECURSION = YES;
				CLANG_WARN_INT_CONVERSION = YES;
				CLANG_WARN_NON_LITERAL_NULL_CONVERSION = YES;
				CLANG_WARN_OBJC_IMPLICIT_RETAIN_SELF = YES;
				CLANG_WARN_OBJC_LITERAL_CONVERSION = YES;
				CLANG_WARN_OBJC_ROOT_CLASS = YES_ERROR;
				CLANG_WARN_QUOTED_INCLUDE_IN_FRAMEWORK_HEADER = YES;
				CLANG_WARN_RANGE_LOOP_ANALYSIS = YES;
				CLANG_WARN_STRICT_PROTOTYPES = YES;
				CLANG_WARN_SUSPICIOUS_MOVE = YES;
				CLANG_WARN_UNGUARDED_AVAILABILITY = YES_AGGRESSIVE;
				CLANG_WARN_UNREACHABLE_CODE = YES;
				CLANG_WARN__DUPLICATE_METHOD_MATCH = YES;
				COPY_PHASE_STRIP = NO;
				DEBUG_INFORMATION_FORMAT = dwarf;
				ENABLE_STRICT_OBJC_MSGSEND = YES;
				ENABLE_TESTABILITY = YES;
				ENABLE_USER_SCRIPT_SANDBOXING = YES;
				GCC_C_LANGUAGE_STANDARD = gnu17;
				GCC_DYNAMIC_NO_PIC = NO;
				GCC_NO_COMMON_BLOCKS = YES;
				GCC_OPTIMIZATION_LEVEL = 0;
				GCC_PREPROCESSOR_DEFINITIONS = (
					"DEBUG=1",
					"$(inherited)",
				);
				GCC_WARN_64_TO_32_BIT_CONVERSION = YES;
				GCC_WARN_ABOUT_RETURN_TYPE = YES_ERROR;
				GCC_WARN_UNDECLARED_SELECTOR = YES;
				GCC_WARN_UNINITIALIZED_AUTOS = YES_AGGRESSIVE;
				GCC_WARN_UNUSED_FUNCTION = YES;
				GCC_WARN_UNUSED_VARIABLE = YES;
				IPHONEOS_DEPLOYMENT_TARGET = 17.2;
				LOCALIZATION_PREFERS_STRING_CATALOGS = YES;
				MTL_ENABLE_DEBUG_INFO = INCLUDE_SOURCE;
				MTL_FAST_MATH = YES;
				ONLY_ACTIVE_ARCH = YES;
				SDKROOT = iphoneos;
				SWIFT_ACTIVE_COMPILATION_CONDITIONS = "DEBUG $(inherited)";
				SWIFT_OPTIMIZATION_LEVEL = "-Onone";
			};
			name = Debug;
		};
		F2F501222CFB526900492BAA /* Release */ = {
			isa = XCBuildConfiguration;
			buildSettings = {
				ALWAYS_SEARCH_USER_PATHS = NO;
				ASSETCATALOG_COMPILER_GENERATE_SWIFT_ASSET_SYMBOL_EXTENSIONS = YES;
				CLANG_ANALYZER_NONNULL = YES;
				CLANG_ANALYZER_NUMBER_OBJECT_CONVERSION = YES_AGGRESSIVE;
				CLANG_CXX_LANGUAGE_STANDARD = "gnu++20";
				CLANG_ENABLE_MODULES = YES;
				CLANG_ENABLE_OBJC_ARC = YES;
				CLANG_ENABLE_OBJC_WEAK = YES;
				CLANG_WARN_BLOCK_CAPTURE_AUTORELEASING = YES;
				CLANG_WARN_BOOL_CONVERSION = YES;
				CLANG_WARN_COMMA = YES;
				CLANG_WARN_CONSTANT_CONVERSION = YES;
				CLANG_WARN_DEPRECATED_OBJC_IMPLEMENTATIONS = YES;
				CLANG_WARN_DIRECT_OBJC_ISA_USAGE = YES_ERROR;
				CLANG_WARN_DOCUMENTATION_COMMENTS = YES;
				CLANG_WARN_EMPTY_BODY = YES;
				CLANG_WARN_ENUM_CONVERSION = YES;
				CLANG_WARN_INFINITE_RECURSION = YES;
				CLANG_WARN_INT_CONVERSION = YES;
				CLANG_WARN_NON_LITERAL_NULL_CONVERSION = YES;
				CLANG_WARN_OBJC_IMPLICIT_RETAIN_SELF = YES;
				CLANG_WARN_OBJC_LITERAL_CONVERSION = YES;
				CLANG_WARN_OBJC_ROOT_CLASS = YES_ERROR;
				CLANG_WARN_QUOTED_INCLUDE_IN_FRAMEWORK_HEADER = YES;
				CLANG_WARN_RANGE_LOOP_ANALYSIS = YES;
				CLANG_WARN_STRICT_PROTOTYPES = YES;
				CLANG_WARN_SUSPICIOUS_MOVE = YES;
				CLANG_WARN_UNGUARDED_AVAILABILITY = YES_AGGRESSIVE;
				CLANG_WARN_UNREACHABLE_CODE = YES;
				CLANG_WARN__DUPLICATE_METHOD_MATCH = YES;
				COPY_PHASE_STRIP = NO;
				DEBUG_INFORMATION_FORMAT = "dwarf-with-dsym";
				ENABLE_NS_ASSERTIONS = NO;
				ENABLE_STRICT_OBJC_MSGSEND = YES;
				ENABLE_USER_SCRIPT_SANDBOXING = YES;
				GCC_C_LANGUAGE_STANDARD = gnu17;
				GCC_NO_COMMON_BLOCKS = YES;
				GCC_WARN_64_TO_32_BIT_CONVERSION = YES;
				GCC_WARN_ABOUT_RETURN_TYPE = YES_ERROR;
				GCC_WARN_UNDECLARED_SELECTOR = YES;
				GCC_WARN_UNINITIALIZED_AUTOS = YES_AGGRESSIVE;
				GCC_WARN_UNUSED_FUNCTION = YES;
				GCC_WARN_UNUSED_VARIABLE = YES;
				IPHONEOS_DEPLOYMENT_TARGET = 17.2;
				LOCALIZATION_PREFERS_STRING_CATALOGS = YES;
				MTL_ENABLE_DEBUG_INFO = NO;
				MTL_FAST_MATH = YES;
				SDKROOT = iphoneos;
				SWIFT_COMPILATION_MODE = wholemodule;
				VALIDATE_PRODUCT = YES;
			};
			name = Release;
		};
		F2F501242CFB526900492BAA /* Debug */ = {
			isa = XCBuildConfiguration;
			buildSettings = {
				ASSETCATALOG_COMPILER_APPICON_NAME = AppIcon;
				ASSETCATALOG_COMPILER_GLOBAL_ACCENT_COLOR_NAME = AccentColor;
				CODE_SIGN_STYLE = Automatic;
				CURRENT_PROJECT_VERSION = 1;
				DEVELOPMENT_ASSET_PATHS = "\"Screens/Preview Content\"";
				DEVELOPMENT_TEAM = M37X5B5U46;
				ENABLE_PREVIEWS = YES;
				GENERATE_INFOPLIST_FILE = YES;
				INFOPLIST_KEY_UIApplicationSceneManifest_Generation = YES;
				INFOPLIST_KEY_UIApplicationSupportsIndirectInputEvents = YES;
				INFOPLIST_KEY_UILaunchScreen_Generation = YES;
				INFOPLIST_KEY_UISupportedInterfaceOrientations_iPad = "UIInterfaceOrientationPortrait UIInterfaceOrientationPortraitUpsideDown UIInterfaceOrientationLandscapeLeft UIInterfaceOrientationLandscapeRight";
				INFOPLIST_KEY_UISupportedInterfaceOrientations_iPhone = "UIInterfaceOrientationPortrait UIInterfaceOrientationLandscapeLeft UIInterfaceOrientationLandscapeRight";
				IPHONEOS_DEPLOYMENT_TARGET = 17.2;
				LD_RUNPATH_SEARCH_PATHS = (
					"$(inherited)",
					"@executable_path/Frameworks",
				);
				MARKETING_VERSION = 1.0;
				PRODUCT_BUNDLE_IDENTIFIER = DenisSavishchev.Screens;
				PRODUCT_NAME = "$(TARGET_NAME)";
				SWIFT_EMIT_LOC_STRINGS = YES;
				SWIFT_VERSION = 5.0;
				TARGETED_DEVICE_FAMILY = "1,2";
			};
			name = Debug;
		};
		F2F501252CFB526900492BAA /* Release */ = {
			isa = XCBuildConfiguration;
			buildSettings = {
				ASSETCATALOG_COMPILER_APPICON_NAME = AppIcon;
				ASSETCATALOG_COMPILER_GLOBAL_ACCENT_COLOR_NAME = AccentColor;
				CODE_SIGN_STYLE = Automatic;
				CURRENT_PROJECT_VERSION = 1;
				DEVELOPMENT_ASSET_PATHS = "\"Screens/Preview Content\"";
				DEVELOPMENT_TEAM = M37X5B5U46;
				ENABLE_PREVIEWS = YES;
				GENERATE_INFOPLIST_FILE = YES;
				INFOPLIST_KEY_UIApplicationSceneManifest_Generation = YES;
				INFOPLIST_KEY_UIApplicationSupportsIndirectInputEvents = YES;
				INFOPLIST_KEY_UILaunchScreen_Generation = YES;
				INFOPLIST_KEY_UISupportedInterfaceOrientations_iPad = "UIInterfaceOrientationPortrait UIInterfaceOrientationPortraitUpsideDown UIInterfaceOrientationLandscapeLeft UIInterfaceOrientationLandscapeRight";
				INFOPLIST_KEY_UISupportedInterfaceOrientations_iPhone = "UIInterfaceOrientationPortrait UIInterfaceOrientationLandscapeLeft UIInterfaceOrientationLandscapeRight";
				IPHONEOS_DEPLOYMENT_TARGET = 17.2;
				LD_RUNPATH_SEARCH_PATHS = (
					"$(inherited)",
					"@executable_path/Frameworks",
				);
				MARKETING_VERSION = 1.0;
				PRODUCT_BUNDLE_IDENTIFIER = DenisSavishchev.Screens;
				PRODUCT_NAME = "$(TARGET_NAME)";
				SWIFT_EMIT_LOC_STRINGS = YES;
				SWIFT_VERSION = 5.0;
				TARGETED_DEVICE_FAMILY = "1,2";
			};
			name = Release;
		};
/* End XCBuildConfiguration section */

/* Begin XCConfigurationList section */
		F2F501102CFB526600492BAA /* Build configuration list for PBXProject "Screens" */ = {
			isa = XCConfigurationList;
			buildConfigurations = (
				F2F501212CFB526900492BAA /* Debug */,
				F2F501222CFB526900492BAA /* Release */,
			);
			defaultConfigurationIsVisible = 0;
			defaultConfigurationName = Release;
		};
		F2F501232CFB526900492BAA /* Build configuration list for PBXNativeTarget "Screens" */ = {
			isa = XCConfigurationList;
			buildConfigurations = (
				F2F501242CFB526900492BAA /* Debug */,
				F2F501252CFB526900492BAA /* Release */,
			);
			defaultConfigurationIsVisible = 0;
			defaultConfigurationName = Release;
		};
/* End XCConfigurationList section */
	};
	rootObject = F2F5010D2CFB526600492BAA /* Project object */;
}
